
Microsoft Visual Studio Solution File, Format Version 12.00
# Visual Studio Version 17
VisualStudioVersion = 17.3.32929.385
MinimumVisualStudioVersion = 10.0.40219.1
Project("{9A19103F-16F7-4668-BE54-9A1E7A4F7556}") = "MathMetodLibrary", "MathMetodLibrary\MathMetodLibrary.csproj", "{F9FE6531-FFC0-4AF6-B75B-8CE75F8B8AE1}"
EndProject
Project("{9A19103F-16F7-4668-BE54-9A1E7A4F7556}") = "ConsoleApp1", "ConsoleApp1\ConsoleApp1.csproj", "{F46982A2-1236-4320-B91D-8EB04EC7B9C7}"
EndProject
Project("{FAE04EC0-301F-11D3-BF4B-00C04F79EFBC}") = "Technolog", "Technolog\Technolog.csproj", "{67336170-70AF-4F76-A921-FDBFCB0403FE}"
EndProject
Global
	GlobalSection(SolutionConfigurationPlatforms) = preSolution
		Debug|Any CPU = Debug|Any CPU
		Release|Any CPU = Release|Any CPU
	EndGlobalSection
	GlobalSection(ProjectConfigurationPlatforms) = postSolution
		{F9FE6531-FFC0-4AF6-B75B-8CE75F8B8AE1}.Debug|Any CPU.ActiveCfg = Debug|Any CPU
		{F9FE6531-FFC0-4AF6-B75B-8CE75F8B8AE1}.Debug|Any CPU.Build.0 = Debug|Any CPU
		{F9FE6531-FFC0-4AF6-B75B-8CE75F8B8AE1}.Release|Any CPU.ActiveCfg = Release|Any CPU
		{F9FE6531-FFC0-4AF6-B75B-8CE75F8B8AE1}.Release|Any CPU.Build.0 = Release|Any CPU
		{F46982A2-1236-4320-B91D-8EB04EC7B9C7}.Debug|Any CPU.ActiveCfg = Debug|Any CPU
		{F46982A2-1236-4320-B91D-8EB04EC7B9C7}.Debug|Any CPU.Build.0 = Debug|Any CPU
		{F46982A2-1236-4320-B91D-8EB04EC7B9C7}.Release|Any CPU.ActiveCfg = Release|Any CPU
		{F46982A2-1236-4320-B91D-8EB04EC7B9C7}.Release|Any CPU.Build.0 = Release|Any CPU
		{67336170-70AF-4F76-A921-FDBFCB0403FE}.Debug|Any CPU.ActiveCfg = Debug|Any CPU
		{67336170-70AF-4F76-A921-FDBFCB0403FE}.Debug|Any CPU.Build.0 = Debug|Any CPU
		{67336170-70AF-4F76-A921-FDBFCB0403FE}.Release|Any CPU.ActiveCfg = Release|Any CPU
		{67336170-70AF-4F76-A921-FDBFCB0403FE}.Release|Any CPU.Build.0 = Release|Any CPU
	EndGlobalSection
	GlobalSection(SolutionProperties) = preSolution
		HideSolutionNode = FALSE
	EndGlobalSection
	GlobalSection(ExtensibilityGlobals) = postSolution
		SolutionGuid = {393BA19B-20CF-43AE-9A1A-523C51296F14}
	EndGlobalSection
EndGlobal
